# THIS IS AN AUTOGENERATED FILE. DO NOT EDIT THIS FILE DIRECTLY.
# yarn lockfile v1


"@types/node@^25.6.0":
  version "25.6.0"
  resolved "https://registry.yarnpkg.com/@types/node/-/node-25.6.0.tgz#4e09bad9b469871f2d0f68140198cbd714f4edca"
  integrity sha512-+qIYRKdNYJwY3vRCZMdJbPLJAtGjQBudzZzdzwQYkEPQd+PJGixUL5QfvCLDaULoLv+RhT3LDkwEfKaAkgSmNQ==
  dependencies:
    undici-types "~7.19.0"

"@types/tough-cookie@^4.0.5":
  version "4.0.5"
  resolved "https://registry.yarnpkg.com/@types/tough-cookie/-/tough-cookie-4.0.5.tgz#cb6e2a691b70cb177c6e3ae9c1d2e8b2ea8cd304"
  integrity sha512-/Ad8+nIOV7Rl++6f1BdKxFSMgmoqEoYbHRpPcx3JEfv8VRsQe9Z4mCXeJBzxs7mbHY/XOZZuXlRNfhpVPbs6ZA==

koffi@^2.8.9:
  version "2.16.1"
  resolved "https://registry.yarnpkg.com/koffi/-/koffi-2.16.1.tgz#3cf8ea36b27986157e8753089ac6ce59407cde7c"
  integrity sha512-0Ie6CfD026dNfWSosDw9dPxPzO9Rlyo0N8m5r05S8YjytIpuilzMFDMY4IDy/8xQsTwpuVinhncD+S8n3bcYZQ==

tldts-core@^7.0.28:
  version "7.0.28"
  resolved "https://registry.yarnpkg.com/tldts-core/-/tldts-core-7.0.28.tgz#28c256edae2ed177b2a8338a51caf81d41580ecf"
  integrity sha512-7W5Efjhsc3chVdFhqtaU0KtK32J37Zcr9RKtID54nG+tIpcY79CQK/veYPODxtD/LJ4Lue66jvrQzIX2Z2/pUQ==

tldts@^7.0.5:
  version "7.0.28"
  resolved "https://registry.yarnpkg.com/tldts/-/tldts-7.0.28.tgz#5a5bb26ef3f70008d88c6e53ff58cd59ed8d4c68"
  integrity sha512-+Zg3vWhRUv8B1maGSTFdev9mjoo8Etn2Ayfs4cnjlD3CsGkxXX4QyW3j2WJ0wdjYcYmy7Lx2RDsZMhgCWafKIw==
  dependencies:
    tldts-core "^7.0.28"

tough-cookie@^6.0.1:
  version "6.0.1"
  resolved "https://registry.yarnpkg.com/tough-cookie/-/tough-cookie-6.0.1.tgz#a495f833836609ed983c19bc65639cfbceb54c76"
  integrity sha512-LktZQb3IeoUWB9lqR5EWTHgW/VTITCXg4D21M+lvybRVdylLrRMnqaIONLVb5mav8vM19m44HIcGq4qASeu2Qw==
  dependencies:
    tldts "^7.0.5"

typescript@^6.0.3:
  version "6.0.3"
  resolved "https://registry.yarnpkg.com/typescript/-/typescript-6.0.3.tgz#90251dc007916e972786cb94d74d15b185577d21"
  integrity sha512-y2TvuxSZPDyQakkFRPZHKFm+KKVqIisdg9/CZwm9ftvKXLP8NRWj38/ODjNbr43SsoXqNuAisEf1GdCxqWcdBw==

undici-types@~7.19.0:
  version "7.19.2"
  resolved "https://registry.yarnpkg.com/undici-types/-/undici-types-7.19.2.tgz#1b67fc26d0f157a0cba3a58a5b5c1e2276b8ba2a"
  integrity sha512-qYVnV5OEm2AW8cJMCpdV20CDyaN3g0AjDlOGf1OW4iaDEx8MwdtChUp4zu4H0VP3nDRF/8RKWH+IPp9uW0YGZg==
